github.com/azr/go-modules-example v0.0.0-20200319145350-abf6fde9a885 h1:F4Z1rjR/wki23M4qZfPz3HS7f1P5DkbnYDKA9FgC0hQ=
github.com/azr/go-modules-example v0.0.0-20200319145350-abf6fde9a885/go.mod h1:yE8dGGJzW+chTLlOukrRq03mPxZ6MUiKv240zYk2ulw=
github.com/azr/go-modules-example/cmd v0.0.0-20200319145350-abf6fde9a885 h1:RyULyZKpBl1iAk0bL/r4zvrJe/Tb9zQL0BuiRwuO190=
github.com/azr/go-modules-example/cmd v0.0.0-20200319145350-abf6fde9a885/go.mod h1:cik7sq1dpDExmPjXyy66/9rJrMXs2GHyXckL64Syyfk=
